{
  "version": 1,
  "dependencies": {
    "net10.0": {
      "Microsoft.EntityFrameworkCore.Abstractions": {
        "type": "Direct",
        "requested": "[10.0.3, )",
        "resolved": "10.0.3",
        "contentHash": "c7Uoz381xnMHNBRB8eHRhGgzUtXbgddlbODhwZRrTSzZWDharp3RkJsFwhxyESbeXhCqmML7VdvjMQ7uu+HreA=="
      }
    }
  }
}